
Microsoft Visual Studio Solution File, Format Version 12.00
# Visual Studio Version 17
VisualStudioVersion = 17.8.34330.188
MinimumVisualStudioVersion = 10.0.40219.1
Project("{FAE04EC0-301F-11D3-BF4B-00C04F79EFBC}") = "verifica OOP", "verifica OOP\verifica OOP.csproj", "{C3629EAD-830F-4DBD-BF74-3381106F4660}"
EndProject
Global
	GlobalSection(SolutionConfigurationPlatforms) = preSolution
		Debug|Any CPU = Debug|Any CPU
		Release|Any CPU = Release|Any CPU
	EndGlobalSection
	GlobalSection(ProjectConfigurationPlatforms) = postSolution
		{C3629EAD-830F-4DBD-BF74-3381106F4660}.Debug|Any CPU.ActiveCfg = Debug|Any CPU
		{C3629EAD-830F-4DBD-BF74-3381106F4660}.Debug|Any CPU.Build.0 = Debug|Any CPU
		{C3629EAD-830F-4DBD-BF74-3381106F4660}.Release|Any CPU.ActiveCfg = Release|Any CPU
		{C3629EAD-830F-4DBD-BF74-3381106F4660}.Release|Any CPU.Build.0 = Release|Any CPU
	EndGlobalSection
	GlobalSection(SolutionProperties) = preSolution
		HideSolutionNode = FALSE
	EndGlobalSection
	GlobalSection(ExtensibilityGlobals) = postSolution
		SolutionGuid = {FA3A8548-05BC-48E9-BA68-84632E57D023}
	EndGlobalSection
EndGlobal
